
Microsoft Visual Studio Solution File, Format Version 12.00
# Visual Studio 15
VisualStudioVersion = 15.0.28307.489
MinimumVisualStudioVersion = 10.0.40219.1
Project("{FAE04EC0-301F-11D3-BF4B-00C04F79EFBC}") = "VoteWeb", "VoteWeb\VoteWeb.csproj", "{F5B0E80E-1059-4F44-A833-F186B340A299}"
EndProject
Global
	GlobalSection(SolutionConfigurationPlatforms) = preSolution
		Debug|Any CPU = Debug|Any CPU
		Release|Any CPU = Release|Any CPU
	EndGlobalSection
	GlobalSection(ProjectConfigurationPlatforms) = postSolution
		{F5B0E80E-1059-4F44-A833-F186B340A299}.Debug|Any CPU.ActiveCfg = Debug|Any CPU
		{F5B0E80E-1059-4F44-A833-F186B340A299}.Debug|Any CPU.Build.0 = Debug|Any CPU
		{F5B0E80E-1059-4F44-A833-F186B340A299}.Release|Any CPU.ActiveCfg = Release|Any CPU
		{F5B0E80E-1059-4F44-A833-F186B340A299}.Release|Any CPU.Build.0 = Release|Any CPU
	EndGlobalSection
	GlobalSection(SolutionProperties) = preSolution
		HideSolutionNode = FALSE
	EndGlobalSection
	GlobalSection(ExtensibilityGlobals) = postSolution
		SolutionGuid = {B23351D8-DE44-4714-9B16-BCFD071E7546}
	EndGlobalSection
EndGlobal
